
Microsoft Visual Studio Solution File, Format Version 12.00
# Visual Studio Version 17
VisualStudioVersion = 17.4.33403.182
MinimumVisualStudioVersion = 10.0.40219.1
Project("{FAE04EC0-301F-11D3-BF4B-00C04F79EFBC}") = "RedisMemoryCacheInvalidation", "src\RedisMemoryCacheInvalidation\RedisMemoryCacheInvalidation.csproj", "{13467724-727B-44CA-BE9D-19BFC4599B34}"
EndProject
Project("{FAE04EC0-301F-11D3-BF4B-00C04F79EFBC}") = "RedisMemoryCacheInvalidation.Tests", "tests\RedisMemoryCacheInvalidation.Tests\RedisMemoryCacheInvalidation.Tests.csproj", "{40A11C38-D401-47D2-87A7-35F4019D496B}"
EndProject
Project("{2150E333-8FDC-42A3-9474-1A3956D46DE8}") = ".nuget", ".nuget", "{2570F5F6-E99B-4968-A0CC-5008554444B9}"
	ProjectSection(SolutionItems) = preProject
		.nuget\NuGet.Config = .nuget\NuGet.Config
		.nuget\packages.config = .nuget\packages.config
	EndProjectSection
EndProject
Project("{2150E333-8FDC-42A3-9474-1A3956D46DE8}") = "tests", "tests", "{34FE30CE-858A-4880-8A6E-BD0451757602}"
EndProject
Project("{2150E333-8FDC-42A3-9474-1A3956D46DE8}") = "samples", "samples", "{96F870E2-ADD6-48CB-B04A-F4A1B4357CA6}"
EndProject
Project("{2150E333-8FDC-42A3-9474-1A3956D46DE8}") = "src", "src", "{FB54E47A-C7AA-4DBB-B575-A45678B4E278}"
EndProject
Project("{FAE04EC0-301F-11D3-BF4B-00C04F79EFBC}") = "SampleWebApplication", "samples\SampleWebApplication\SampleWebApplication.csproj", "{C1FB7FF5-7FEF-4770-A570-BA3F578ED0EA}"
EndProject
Project("{FAE04EC0-301F-11D3-BF4B-00C04F79EFBC}") = "SampleInvalidationEmitter", "samples\SampleInvalidationEmitter\SampleInvalidationEmitter.csproj", "{CBAE0FB2-0706-456F-8CF8-6F548F2E4161}"
EndProject
Global
	GlobalSection(SolutionConfigurationPlatforms) = preSolution
		Debug|Any CPU = Debug|Any CPU
		Release|Any CPU = Release|Any CPU
	EndGlobalSection
	GlobalSection(ProjectConfigurationPlatforms) = postSolution
		{13467724-727B-44CA-BE9D-19BFC4599B34}.Debug|Any CPU.ActiveCfg = Debug|Any CPU
		{13467724-727B-44CA-BE9D-19BFC4599B34}.Debug|Any CPU.Build.0 = Debug|Any CPU
		{13467724-727B-44CA-BE9D-19BFC4599B34}.Release|Any CPU.ActiveCfg = Release|Any CPU
		{13467724-727B-44CA-BE9D-19BFC4599B34}.Release|Any CPU.Build.0 = Release|Any CPU
		{40A11C38-D401-47D2-87A7-35F4019D496B}.Debug|Any CPU.ActiveCfg = Debug|Any CPU
		{40A11C38-D401-47D2-87A7-35F4019D496B}.Debug|Any CPU.Build.0 = Debug|Any CPU
		{40A11C38-D401-47D2-87A7-35F4019D496B}.Release|Any CPU.ActiveCfg = Release|Any CPU
		{40A11C38-D401-47D2-87A7-35F4019D496B}.Release|Any CPU.Build.0 = Release|Any CPU
		{C1FB7FF5-7FEF-4770-A570-BA3F578ED0EA}.Debug|Any CPU.ActiveCfg = Debug|Any CPU
		{C1FB7FF5-7FEF-4770-A570-BA3F578ED0EA}.Debug|Any CPU.Build.0 = Debug|Any CPU
		{C1FB7FF5-7FEF-4770-A570-BA3F578ED0EA}.Release|Any CPU.ActiveCfg = Release|Any CPU
		{C1FB7FF5-7FEF-4770-A570-BA3F578ED0EA}.Release|Any CPU.Build.0 = Release|Any CPU
		{CBAE0FB2-0706-456F-8CF8-6F548F2E4161}.Debug|Any CPU.ActiveCfg = Debug|Any CPU
		{CBAE0FB2-0706-456F-8CF8-6F548F2E4161}.Debug|Any CPU.Build.0 = Debug|Any CPU
		{CBAE0FB2-0706-456F-8CF8-6F548F2E4161}.Release|Any CPU.ActiveCfg = Release|Any CPU
		{CBAE0FB2-0706-456F-8CF8-6F548F2E4161}.Release|Any CPU.Build.0 = Release|Any CPU
	EndGlobalSection
	GlobalSection(SolutionProperties) = preSolution
		HideSolutionNode = FALSE
	EndGlobalSection
	GlobalSection(NestedProjects) = preSolution
		{13467724-727B-44CA-BE9D-19BFC4599B34} = {FB54E47A-C7AA-4DBB-B575-A45678B4E278}
		{40A11C38-D401-47D2-87A7-35F4019D496B} = {34FE30CE-858A-4880-8A6E-BD0451757602}
		{C1FB7FF5-7FEF-4770-A570-BA3F578ED0EA} = {96F870E2-ADD6-48CB-B04A-F4A1B4357CA6}
		{CBAE0FB2-0706-456F-8CF8-6F548F2E4161} = {96F870E2-ADD6-48CB-B04A-F4A1B4357CA6}
	EndGlobalSection
	GlobalSection(ExtensibilityGlobals) = postSolution
		SolutionGuid = {60A00B21-32C8-41E1-8F27-92DDB229616B}
	EndGlobalSection
EndGlobal
