
Microsoft Visual Studio Solution File, Format Version 12.00
# Visual Studio 15
VisualStudioVersion = 15.0.28010.2016
MinimumVisualStudioVersion = 10.0.40219.1
Project("{9A19103F-16F7-4668-BE54-9A1E7A4F7556}") = "RedisMemoryCacheInvalidation", "src\RedisMemoryCacheInvalidation\RedisMemoryCacheInvalidation.csproj", "{13467724-727B-44CA-BE9D-19BFC4599B34}"
EndProject
Project("{9A19103F-16F7-4668-BE54-9A1E7A4F7556}") = "RedisMemoryCacheInvalidation.Tests", "tests\RedisMemoryCacheInvalidation.Tests\RedisMemoryCacheInvalidation.Tests.csproj", "{40A11C38-D401-47D2-87A7-35F4019D496B}"
EndProject
Project("{2150E333-8FDC-42A3-9474-1A3956D46DE8}") = ".nuget", ".nuget", "{2570F5F6-E99B-4968-A0CC-5008554444B9}"
	ProjectSection(SolutionItems) = preProject
		.nuget\NuGet.Config = .nuget\NuGet.Config
		.nuget\packages.config = .nuget\packages.config
	EndProjectSection
EndProject
Project("{2150E333-8FDC-42A3-9474-1A3956D46DE8}") = "tests", "tests", "{34FE30CE-858A-4880-8A6E-BD0451757602}"
EndProject
Project("{2150E333-8FDC-42A3-9474-1A3956D46DE8}") = "src", "src", "{FB54E47A-C7AA-4DBB-B575-A45678B4E278}"
EndProject
Global
	GlobalSection(SolutionConfigurationPlatforms) = preSolution
		Debug|Any CPU = Debug|Any CPU
		Release|Any CPU = Release|Any CPU
	EndGlobalSection
	GlobalSection(ProjectConfigurationPlatforms) = postSolution
		{13467724-727B-44CA-BE9D-19BFC4599B34}.Debug|Any CPU.ActiveCfg = Debug|Any CPU
		{13467724-727B-44CA-BE9D-19BFC4599B34}.Debug|Any CPU.Build.0 = Debug|Any CPU
		{13467724-727B-44CA-BE9D-19BFC4599B34}.Release|Any CPU.ActiveCfg = Release|Any CPU
		{13467724-727B-44CA-BE9D-19BFC4599B34}.Release|Any CPU.Build.0 = Release|Any CPU
		{40A11C38-D401-47D2-87A7-35F4019D496B}.Debug|Any CPU.ActiveCfg = Debug|Any CPU
		{40A11C38-D401-47D2-87A7-35F4019D496B}.Debug|Any CPU.Build.0 = Debug|Any CPU
		{40A11C38-D401-47D2-87A7-35F4019D496B}.Release|Any CPU.ActiveCfg = Release|Any CPU
		{40A11C38-D401-47D2-87A7-35F4019D496B}.Release|Any CPU.Build.0 = Release|Any CPU
	EndGlobalSection
	GlobalSection(SolutionProperties) = preSolution
		HideSolutionNode = FALSE
	EndGlobalSection
	GlobalSection(NestedProjects) = preSolution
		{13467724-727B-44CA-BE9D-19BFC4599B34} = {FB54E47A-C7AA-4DBB-B575-A45678B4E278}
		{40A11C38-D401-47D2-87A7-35F4019D496B} = {34FE30CE-858A-4880-8A6E-BD0451757602}
	EndGlobalSection
	GlobalSection(ExtensibilityGlobals) = postSolution
		SolutionGuid = {5EE92527-649E-4717-8A31-7DD7BC7F4C03}
	EndGlobalSection
EndGlobal
